
Microsoft Visual Studio Solution File, Format Version 12.00
# Visual Studio 15
VisualStudioVersion = 15.0.28306.52
MinimumVisualStudioVersion = 10.0.40219.1
Project("{9092AA53-FB77-4645-B42D-1CCCA6BD08BD}") = "ZkpkiModel", "../packages/ZkpkiModel/ZkpkiModel.njsproj", "{35ADA39E-BDF2-4499-9193-CBD7E612A7CB}"
EndProject
Global
	GlobalSection(SolutionConfigurationPlatforms) = preSolution
		Debug|Any CPU = Debug|Any CPU
		Release|Any CPU = Release|Any CPU
	EndGlobalSection
	GlobalSection(ProjectConfigurationPlatforms) = postSolution
		{35ADA39E-BDF2-4499-9193-CBD7E612A7CB}.Debug|Any CPU.ActiveCfg = Debug|Any CPU
		{35ADA39E-BDF2-4499-9193-CBD7E612A7CB}.Debug|Any CPU.Build.0 = Debug|Any CPU
		{35ADA39E-BDF2-4499-9193-CBD7E612A7CB}.Release|Any CPU.ActiveCfg = Release|Any CPU
		{35ADA39E-BDF2-4499-9193-CBD7E612A7CB}.Release|Any CPU.Build.0 = Release|Any CPU
	EndGlobalSection
	GlobalSection(SolutionProperties) = preSolution
		HideSolutionNode = FALSE
	EndGlobalSection
	GlobalSection(ExtensibilityGlobals) = postSolution
		SolutionGuid = {06FD581E-1A48-4152-8FA3-E8EA14ACF47E}
	EndGlobalSection
EndGlobal
